
Microsoft Visual Studio Solution File, Format Version 12.00
# Visual Studio 15
VisualStudioVersion = 15.0.27703.2035
MinimumVisualStudioVersion = 10.0.40219.1
Project("{9092AA53-FB77-4645-B42D-1CCCA6BD08BD}") = "Tank", "Tank\Tank.njsproj", "{FAB620B7-9D98-4D28-B9DA-A60428745F73}"
EndProject
Global
	GlobalSection(SolutionConfigurationPlatforms) = preSolution
		Debug|Any CPU = Debug|Any CPU
		Release|Any CPU = Release|Any CPU
	EndGlobalSection
	GlobalSection(ProjectConfigurationPlatforms) = postSolution
		{FAB620B7-9D98-4D28-B9DA-A60428745F73}.Debug|Any CPU.ActiveCfg = Debug|Any CPU
		{FAB620B7-9D98-4D28-B9DA-A60428745F73}.Debug|Any CPU.Build.0 = Debug|Any CPU
		{FAB620B7-9D98-4D28-B9DA-A60428745F73}.Release|Any CPU.ActiveCfg = Release|Any CPU
		{FAB620B7-9D98-4D28-B9DA-A60428745F73}.Release|Any CPU.Build.0 = Release|Any CPU
	EndGlobalSection
	GlobalSection(SolutionProperties) = preSolution
		HideSolutionNode = FALSE
	EndGlobalSection
	GlobalSection(ExtensibilityGlobals) = postSolution
		SolutionGuid = {543EDD84-7A96-47D4-84E1-096AAE38BB94}
	EndGlobalSection
EndGlobal
